
Microsoft Visual Studio Solution File, Format Version 12.00
# Visual Studio 15
VisualStudioVersion = 15.0.27703.2042
MinimumVisualStudioVersion = 10.0.40219.1
Project("{FAE04EC0-301F-11D3-BF4B-00C04F79EFBC}") = "Translator", "Translator\Translator.csproj", "{D5FD96E8-54D3-4B6E-86B0-854712E2FE69}"
EndProject
Project("{FAE04EC0-301F-11D3-BF4B-00C04F79EFBC}") = "WpfApp1", "WpfApp1\WpfApp1.csproj", "{80599A8B-DE22-4DA7-9D31-7B7DE821029B}"
EndProject
Project("{FAE04EC0-301F-11D3-BF4B-00C04F79EFBC}") = "UtilitiesWS", "UtilitiesWS\UtilitiesWS.csproj", "{4147D1F1-AFA9-411F-8F71-2354BB00B3F1}"
EndProject
Global
	GlobalSection(SolutionConfigurationPlatforms) = preSolution
		Debug|Any CPU = Debug|Any CPU
		Release|Any CPU = Release|Any CPU
	EndGlobalSection
	GlobalSection(ProjectConfigurationPlatforms) = postSolution
		{D5FD96E8-54D3-4B6E-86B0-854712E2FE69}.Debug|Any CPU.ActiveCfg = Debug|Any CPU
		{D5FD96E8-54D3-4B6E-86B0-854712E2FE69}.Debug|Any CPU.Build.0 = Debug|Any CPU
		{D5FD96E8-54D3-4B6E-86B0-854712E2FE69}.Release|Any CPU.ActiveCfg = Release|Any CPU
		{D5FD96E8-54D3-4B6E-86B0-854712E2FE69}.Release|Any CPU.Build.0 = Release|Any CPU
		{80599A8B-DE22-4DA7-9D31-7B7DE821029B}.Debug|Any CPU.ActiveCfg = Debug|Any CPU
		{80599A8B-DE22-4DA7-9D31-7B7DE821029B}.Debug|Any CPU.Build.0 = Debug|Any CPU
		{80599A8B-DE22-4DA7-9D31-7B7DE821029B}.Release|Any CPU.ActiveCfg = Release|Any CPU
		{80599A8B-DE22-4DA7-9D31-7B7DE821029B}.Release|Any CPU.Build.0 = Release|Any CPU
		{4147D1F1-AFA9-411F-8F71-2354BB00B3F1}.Debug|Any CPU.ActiveCfg = Debug|Any CPU
		{4147D1F1-AFA9-411F-8F71-2354BB00B3F1}.Debug|Any CPU.Build.0 = Debug|Any CPU
		{4147D1F1-AFA9-411F-8F71-2354BB00B3F1}.Release|Any CPU.ActiveCfg = Release|Any CPU
		{4147D1F1-AFA9-411F-8F71-2354BB00B3F1}.Release|Any CPU.Build.0 = Release|Any CPU
	EndGlobalSection
	GlobalSection(SolutionProperties) = preSolution
		HideSolutionNode = FALSE
	EndGlobalSection
	GlobalSection(ExtensibilityGlobals) = postSolution
		SolutionGuid = {8B78F7E5-9F0E-4814-B4A1-CF3441A009ED}
	EndGlobalSection
EndGlobal
